
Microsoft Visual Studio Solution File, Format Version 12.00
# Visual Studio Version 17
VisualStudioVersion = 17.3.32901.215
MinimumVisualStudioVersion = 10.0.40219.1
Project("{FAE04EC0-301F-11D3-BF4B-00C04F79EFBC}") = "ProblemeInfo", "ProblemeInfo\ProblemeInfo.csproj", "{0D1B6F04-486C-4ACD-992C-64F4E576BD7D}"
EndProject
Project("{FAE04EC0-301F-11D3-BF4B-00C04F79EFBC}") = "UnitTestProjet", "UnitTestProjet\UnitTestProjet.csproj", "{0A88DB17-DDAE-4665-B814-BAA19D601EFD}"
EndProject
Global
	GlobalSection(SolutionConfigurationPlatforms) = preSolution
		Debug|Any CPU = Debug|Any CPU
		Release|Any CPU = Release|Any CPU
	EndGlobalSection
	GlobalSection(ProjectConfigurationPlatforms) = postSolution
		{0D1B6F04-486C-4ACD-992C-64F4E576BD7D}.Debug|Any CPU.ActiveCfg = Debug|Any CPU
		{0D1B6F04-486C-4ACD-992C-64F4E576BD7D}.Debug|Any CPU.Build.0 = Debug|Any CPU
		{0D1B6F04-486C-4ACD-992C-64F4E576BD7D}.Release|Any CPU.ActiveCfg = Release|Any CPU
		{0D1B6F04-486C-4ACD-992C-64F4E576BD7D}.Release|Any CPU.Build.0 = Release|Any CPU
		{0A88DB17-DDAE-4665-B814-BAA19D601EFD}.Debug|Any CPU.ActiveCfg = Debug|Any CPU
		{0A88DB17-DDAE-4665-B814-BAA19D601EFD}.Debug|Any CPU.Build.0 = Debug|Any CPU
		{0A88DB17-DDAE-4665-B814-BAA19D601EFD}.Release|Any CPU.ActiveCfg = Release|Any CPU
		{0A88DB17-DDAE-4665-B814-BAA19D601EFD}.Release|Any CPU.Build.0 = Release|Any CPU
	EndGlobalSection
	GlobalSection(SolutionProperties) = preSolution
		HideSolutionNode = FALSE
	EndGlobalSection
	GlobalSection(ExtensibilityGlobals) = postSolution
		SolutionGuid = {9958225D-B714-4989-B6DD-75A01B957D60}
	EndGlobalSection
EndGlobal
